
Microsoft Visual Studio Solution File, Format Version 12.00
# Visual Studio Version 17
VisualStudioVersion = 17.14.36915.13 d17.14
MinimumVisualStudioVersion = 10.0.40219.1
Project("{FAE04EC0-301F-11D3-BF4B-00C04F79EFBC}") = "EF04", "EF04\EF04.csproj", "{0F6379D2-E7E0-4D71-BC47-882CE604D21B}"
EndProject
Global
	GlobalSection(SolutionConfigurationPlatforms) = preSolution
		Debug|Any CPU = Debug|Any CPU
		Release|Any CPU = Release|Any CPU
	EndGlobalSection
	GlobalSection(ProjectConfigurationPlatforms) = postSolution
		{0F6379D2-E7E0-4D71-BC47-882CE604D21B}.Debug|Any CPU.ActiveCfg = Debug|Any CPU
		{0F6379D2-E7E0-4D71-BC47-882CE604D21B}.Debug|Any CPU.Build.0 = Debug|Any CPU
		{0F6379D2-E7E0-4D71-BC47-882CE604D21B}.Release|Any CPU.ActiveCfg = Release|Any CPU
		{0F6379D2-E7E0-4D71-BC47-882CE604D21B}.Release|Any CPU.Build.0 = Release|Any CPU
	EndGlobalSection
	GlobalSection(SolutionProperties) = preSolution
		HideSolutionNode = FALSE
	EndGlobalSection
	GlobalSection(ExtensibilityGlobals) = postSolution
		SolutionGuid = {AE7868E4-BAAE-4D7D-9E78-D769D2A6BA4D}
	EndGlobalSection
EndGlobal
